
Microsoft Visual Studio Solution File, Format Version 12.00
# Visual Studio Version 17
VisualStudioVersion = 17.0.31903.59
MinimumVisualStudioVersion = 10.0.40219.1
Project("{FAE04EC0-301F-11D3-BF4B-00C04F79EFBC}") = "Weather.Contracts", "Weather.Contracts\Weather.Contracts.csproj", "{6483C25A-84EC-4EEA-BE53-9BD2926E0955}"
EndProject
Project("{FAE04EC0-301F-11D3-BF4B-00C04F79EFBC}") = "Weather.Api", "Weather.Api\Weather.Api.csproj", "{F38B2A31-6D6A-4F5E-A6CA-0979CF5E6480}"
EndProject
Project("{2150E333-8FDC-42A3-9474-1A3956D46DE8}") = "Requests", "Requests", "{9C455C5D-FD36-4311-8C2D-34A5A114BCB5}"
	ProjectSection(SolutionItems) = preProject
		GetWeatherRequest.http = GetWeatherRequest.http
	EndProjectSection
EndProject
Project("{2150E333-8FDC-42A3-9474-1A3956D46DE8}") = "Weather", "Weather", "{A7044BE4-8BC3-460C-A557-FF739B0C977F}"
EndProject
Global
	GlobalSection(SolutionConfigurationPlatforms) = preSolution
		Debug|Any CPU = Debug|Any CPU
		Release|Any CPU = Release|Any CPU
	EndGlobalSection
	GlobalSection(ProjectConfigurationPlatforms) = postSolution
		{6483C25A-84EC-4EEA-BE53-9BD2926E0955}.Debug|Any CPU.ActiveCfg = Debug|Any CPU
		{6483C25A-84EC-4EEA-BE53-9BD2926E0955}.Debug|Any CPU.Build.0 = Debug|Any CPU
		{6483C25A-84EC-4EEA-BE53-9BD2926E0955}.Release|Any CPU.ActiveCfg = Release|Any CPU
		{6483C25A-84EC-4EEA-BE53-9BD2926E0955}.Release|Any CPU.Build.0 = Release|Any CPU
		{F38B2A31-6D6A-4F5E-A6CA-0979CF5E6480}.Debug|Any CPU.ActiveCfg = Debug|Any CPU
		{F38B2A31-6D6A-4F5E-A6CA-0979CF5E6480}.Debug|Any CPU.Build.0 = Debug|Any CPU
		{F38B2A31-6D6A-4F5E-A6CA-0979CF5E6480}.Release|Any CPU.ActiveCfg = Release|Any CPU
		{F38B2A31-6D6A-4F5E-A6CA-0979CF5E6480}.Release|Any CPU.Build.0 = Release|Any CPU
	EndGlobalSection
	GlobalSection(SolutionProperties) = preSolution
		HideSolutionNode = FALSE
	EndGlobalSection
EndGlobal
