
Microsoft Visual Studio Solution File, Format Version 12.00
# Visual Studio Version 17
VisualStudioVersion = 17.0.31903.59
MinimumVisualStudioVersion = 10.0.40219.1
Project("{FAE04EC0-301F-11D3-BF4B-00C04F79EFBC}") = "Weather.Contracts", "Weather.Contracts\Weather.Contracts.csproj", "{6483C25A-84EC-4EEA-BE53-9BD2926E0955}"
EndProject
Project("{FAE04EC0-301F-11D3-BF4B-00C04F79EFBC}") = "Weather.Api", "Weather.Api\Weather.Api.csproj", "{F38B2A31-6D6A-4F5E-A6CA-0979CF5E6480}"
EndProject
Project("{FAE04EC0-301F-11D3-BF4B-00C04F79EFBC}") = "Weather.Api.UnitTests", "Weather.Api.UnitTests\Weather.Api.UnitTests.csproj", "{5C87F105-1CB7-4644-BEF5-BA79C4CD3C6A}"
EndProject
Project("{FAE04EC0-301F-11D3-BF4B-00C04F79EFBC}") = "Weather.UI", "Weather.UI\Weather.UI.csproj", "{276FA747-6693-417B-B4DD-5FBC9A2E92DD}"
EndProject
Global
	GlobalSection(SolutionConfigurationPlatforms) = preSolution
		Debug|Any CPU = Debug|Any CPU
		Release|Any CPU = Release|Any CPU
	EndGlobalSection
	GlobalSection(ProjectConfigurationPlatforms) = postSolution
		{6483C25A-84EC-4EEA-BE53-9BD2926E0955}.Debug|Any CPU.ActiveCfg = Debug|Any CPU
		{6483C25A-84EC-4EEA-BE53-9BD2926E0955}.Debug|Any CPU.Build.0 = Debug|Any CPU
		{6483C25A-84EC-4EEA-BE53-9BD2926E0955}.Release|Any CPU.ActiveCfg = Release|Any CPU
		{6483C25A-84EC-4EEA-BE53-9BD2926E0955}.Release|Any CPU.Build.0 = Release|Any CPU
		{F38B2A31-6D6A-4F5E-A6CA-0979CF5E6480}.Debug|Any CPU.ActiveCfg = Debug|Any CPU
		{F38B2A31-6D6A-4F5E-A6CA-0979CF5E6480}.Debug|Any CPU.Build.0 = Debug|Any CPU
		{F38B2A31-6D6A-4F5E-A6CA-0979CF5E6480}.Release|Any CPU.ActiveCfg = Release|Any CPU
		{F38B2A31-6D6A-4F5E-A6CA-0979CF5E6480}.Release|Any CPU.Build.0 = Release|Any CPU
		{5C87F105-1CB7-4644-BEF5-BA79C4CD3C6A}.Debug|Any CPU.ActiveCfg = Debug|Any CPU
		{5C87F105-1CB7-4644-BEF5-BA79C4CD3C6A}.Debug|Any CPU.Build.0 = Debug|Any CPU
		{5C87F105-1CB7-4644-BEF5-BA79C4CD3C6A}.Release|Any CPU.ActiveCfg = Release|Any CPU
		{5C87F105-1CB7-4644-BEF5-BA79C4CD3C6A}.Release|Any CPU.Build.0 = Release|Any CPU
		{276FA747-6693-417B-B4DD-5FBC9A2E92DD}.Debug|Any CPU.ActiveCfg = Debug|Any CPU
		{276FA747-6693-417B-B4DD-5FBC9A2E92DD}.Debug|Any CPU.Build.0 = Debug|Any CPU
		{276FA747-6693-417B-B4DD-5FBC9A2E92DD}.Release|Any CPU.ActiveCfg = Release|Any CPU
		{276FA747-6693-417B-B4DD-5FBC9A2E92DD}.Release|Any CPU.Build.0 = Release|Any CPU
	EndGlobalSection
	GlobalSection(SolutionProperties) = preSolution
		HideSolutionNode = FALSE
	EndGlobalSection
EndGlobal
